
Microsoft Visual Studio Solution File, Format Version 12.00
# Visual Studio 15
VisualStudioVersion = 15.0.27130.2010
MinimumVisualStudioVersion = 10.0.40219.1
Project("{9A19103F-16F7-4668-BE54-9A1E7A4F7556}") = "MethodBoundaryAspect.Fody", "MethodBoundaryAspect.Fody\MethodBoundaryAspect.Fody.csproj", "{30BA4684-A95A-4EC3-8EA7-CDE5B1F7E988}"
EndProject
Project("{FAE04EC0-301F-11D3-BF4B-00C04F79EFBC}") = "MethodBoundaryAspect", "MethodBoundaryAspect\MethodBoundaryAspect.csproj", "{647FC29E-DDD1-4122-81A1-7FCD7E915F0F}"
EndProject
Global
	GlobalSection(SolutionConfigurationPlatforms) = preSolution
		Debug|Any CPU = Debug|Any CPU
		Release|Any CPU = Release|Any CPU
	EndGlobalSection
	GlobalSection(ProjectConfigurationPlatforms) = postSolution
		{30BA4684-A95A-4EC3-8EA7-CDE5B1F7E988}.Debug|Any CPU.ActiveCfg = Debug|Any CPU
		{30BA4684-A95A-4EC3-8EA7-CDE5B1F7E988}.Debug|Any CPU.Build.0 = Debug|Any CPU
		{30BA4684-A95A-4EC3-8EA7-CDE5B1F7E988}.Release|Any CPU.ActiveCfg = Release|Any CPU
		{30BA4684-A95A-4EC3-8EA7-CDE5B1F7E988}.Release|Any CPU.Build.0 = Release|Any CPU
		{647FC29E-DDD1-4122-81A1-7FCD7E915F0F}.Debug|Any CPU.ActiveCfg = Debug|Any CPU
		{647FC29E-DDD1-4122-81A1-7FCD7E915F0F}.Debug|Any CPU.Build.0 = Debug|Any CPU
		{647FC29E-DDD1-4122-81A1-7FCD7E915F0F}.Release|Any CPU.ActiveCfg = Release|Any CPU
		{647FC29E-DDD1-4122-81A1-7FCD7E915F0F}.Release|Any CPU.Build.0 = Release|Any CPU
	EndGlobalSection
	GlobalSection(SolutionProperties) = preSolution
		HideSolutionNode = FALSE
	EndGlobalSection
	GlobalSection(ExtensibilityGlobals) = postSolution
		SolutionGuid = {EABEE29A-E6EB-4EF1-805C-34D6FF8F3E57}
	EndGlobalSection
EndGlobal
