
Microsoft Visual Studio Solution File, Format Version 12.00
# Visual Studio 15
VisualStudioVersion = 15.0.27004.2009
MinimumVisualStudioVersion = 10.0.40219.1
Project("{FAE04EC0-301F-11D3-BF4B-00C04F79EFBC}") = "MyApp.Presentation", "MyApp.Presentation\MyApp.Presentation.csproj", "{12539703-25D4-4E60-83A3-C814CEF79F42}"
EndProject
Project("{FAE04EC0-301F-11D3-BF4B-00C04F79EFBC}") = "MyApp.Business", "MyApp.Business\MyApp.Business.csproj", "{503ACEE5-9A77-48DC-823F-B350CA5EA448}"
EndProject
Project("{FAE04EC0-301F-11D3-BF4B-00C04F79EFBC}") = "MyApp.DataAccess", "MyApp.DataAccess\MyApp.DataAccess.csproj", "{AD7CBE6B-045F-4827-A792-121027ED009C}"
EndProject
Global
	GlobalSection(SolutionConfigurationPlatforms) = preSolution
		Debug|Any CPU = Debug|Any CPU
		Release|Any CPU = Release|Any CPU
	EndGlobalSection
	GlobalSection(ProjectConfigurationPlatforms) = postSolution
		{12539703-25D4-4E60-83A3-C814CEF79F42}.Debug|Any CPU.ActiveCfg = Debug|Any CPU
		{12539703-25D4-4E60-83A3-C814CEF79F42}.Debug|Any CPU.Build.0 = Debug|Any CPU
		{12539703-25D4-4E60-83A3-C814CEF79F42}.Release|Any CPU.ActiveCfg = Release|Any CPU
		{12539703-25D4-4E60-83A3-C814CEF79F42}.Release|Any CPU.Build.0 = Release|Any CPU
		{503ACEE5-9A77-48DC-823F-B350CA5EA448}.Debug|Any CPU.ActiveCfg = Debug|Any CPU
		{503ACEE5-9A77-48DC-823F-B350CA5EA448}.Debug|Any CPU.Build.0 = Debug|Any CPU
		{503ACEE5-9A77-48DC-823F-B350CA5EA448}.Release|Any CPU.ActiveCfg = Release|Any CPU
		{503ACEE5-9A77-48DC-823F-B350CA5EA448}.Release|Any CPU.Build.0 = Release|Any CPU
		{AD7CBE6B-045F-4827-A792-121027ED009C}.Debug|Any CPU.ActiveCfg = Debug|Any CPU
		{AD7CBE6B-045F-4827-A792-121027ED009C}.Debug|Any CPU.Build.0 = Debug|Any CPU
		{AD7CBE6B-045F-4827-A792-121027ED009C}.Release|Any CPU.ActiveCfg = Release|Any CPU
		{AD7CBE6B-045F-4827-A792-121027ED009C}.Release|Any CPU.Build.0 = Release|Any CPU
	EndGlobalSection
	GlobalSection(SolutionProperties) = preSolution
		HideSolutionNode = FALSE
	EndGlobalSection
	GlobalSection(ExtensibilityGlobals) = postSolution
		SolutionGuid = {765B44D9-E64D-4613-B32A-A6CC22490933}
	EndGlobalSection
EndGlobal
