
Microsoft Visual Studio Solution File, Format Version 12.00
# Visual Studio Version 17
VisualStudioVersion = 17.2.32630.192
MinimumVisualStudioVersion = 10.0.40219.1
Project("{9A19103F-16F7-4668-BE54-9A1E7A4F7556}") = "MethodBoundaryAspect.Fody", "MethodBoundaryAspect.Fody\MethodBoundaryAspect.Fody.csproj", "{30BA4684-A95A-4EC3-8EA7-CDE5B1F7E988}"
EndProject
Project("{9A19103F-16F7-4668-BE54-9A1E7A4F7556}") = "MethodBoundaryAspect", "MethodBoundaryAspect\MethodBoundaryAspect.csproj", "{647FC29E-DDD1-4122-81A1-7FCD7E915F0F}"
EndProject
Project("{9A19103F-16F7-4668-BE54-9A1E7A4F7556}") = "MethodBoundaryAspect.Fody.UnitTests.NetCore", "MethodBoundaryAspect.Fody.UnitTests.NetCore\MethodBoundaryAspect.Fody.UnitTests.NetCore.csproj", "{CBC73200-4396-409C-B950-274CB692AEF3}"
EndProject
Project("{9A19103F-16F7-4668-BE54-9A1E7A4F7556}") = "MethodBoundaryAspect.Fody.UnitTests.TestAssembly.NetCore", "MethodBoundaryAspect.Fody.UnitTests.TestAssembly.NetCore\MethodBoundaryAspect.Fody.UnitTests.TestAssembly.NetCore.csproj", "{0920DE73-E0E1-4BC7-9394-5EF78D680CE9}"
EndProject
Project("{9A19103F-16F7-4668-BE54-9A1E7A4F7556}") = "MethodBoundaryAspect.Fody.UnitTests.TestAssembly.NetStandard", "MethodBoundaryAspect.Fody.UnitTests.TestAssembly.NetStandard\MethodBoundaryAspect.Fody.UnitTests.TestAssembly.NetStandard.csproj", "{744CD551-374B-4801-B565-0A008F1DD656}"
EndProject
Project("{9A19103F-16F7-4668-BE54-9A1E7A4F7556}") = "MethodBoundaryAspect.Fody.UnitTests.UnverifiableTestAssembly.NetFramework", "MethodBoundaryAspect.Fody.UnitTests.UnverifiableTestAssembly.NetFramework\MethodBoundaryAspect.Fody.UnitTests.UnverifiableTestAssembly.NetFramework.csproj", "{1F6B3319-7B51-418F-8E0E-77B36E26117A}"
EndProject
Project("{9A19103F-16F7-4668-BE54-9A1E7A4F7556}") = "MethodBoundaryAspect.Fody.UnitTests.TestProgramAspects.Shared", "MethodBoundaryAspect.Fody.UnitTests.TestProgramAspects.Shared\MethodBoundaryAspect.Fody.UnitTests.TestProgramAspects.Shared.csproj", "{90FD3D63-52FD-4E91-99AB-CF160876EBEB}"
EndProject
Project("{9A19103F-16F7-4668-BE54-9A1E7A4F7556}") = "MethodBoundaryAspect.Fody.UnitTests.TestProgram.NetFramework", "MethodBoundaryAspect.Fody.UnitTests.TestProgram.NetFramework\MethodBoundaryAspect.Fody.UnitTests.TestProgram.NetFramework.csproj", "{145B9419-BE49-48A2-B9F9-EF32C07EDE30}"
EndProject
Project("{9A19103F-16F7-4668-BE54-9A1E7A4F7556}") = "MethodBoundaryAspect.Fody.UnitTests.TestAssembly.NetFramework", "MethodBoundaryAspect.Fody.UnitTests.TestAssembly.NetFramework\MethodBoundaryAspect.Fody.UnitTests.TestAssembly.NetFramework.csproj", "{1DD27780-A534-4DA0-9524-F09654A8DE59}"
EndProject
Project("{9A19103F-16F7-4668-BE54-9A1E7A4F7556}") = "MethodBoundaryAspect.Fody.UnitTests.NetFramework", "MethodBoundaryAspect.Fody.UnitTests.NetFramework\MethodBoundaryAspect.Fody.UnitTests.NetFramework.csproj", "{0421F8A5-8698-4D92-9223-872FBA18572B}"
EndProject
Project("{9A19103F-16F7-4668-BE54-9A1E7A4F7556}") = "MethodBoundaryAspect.Fody.UnitTests.TestAssembly.NetFramework.External", "MethodBoundaryAspect.Fody.UnitTests.TestAssembly.NetFramework.External\MethodBoundaryAspect.Fody.UnitTests.TestAssembly.NetFramework.External.csproj", "{98C6DD8D-41E8-468B-9176-873D9DDAC82E}"
EndProject
Project("{9A19103F-16F7-4668-BE54-9A1E7A4F7556}") = "MethodBoundaryAspect.Fody.UnitTests.Shared", "MethodBoundaryAspect.Fody.UnitTests.Shared\MethodBoundaryAspect.Fody.UnitTests.Shared.csproj", "{4824FDD3-D225-4812-B75C-C0E455B25B7A}"
EndProject
Project("{2150E333-8FDC-42A3-9474-1A3956D46DE8}") = "Tests", "Tests", "{0C4D4E38-5A54-4A51-A308-1D4FA1AD3A4E}"
EndProject
Project("{9A19103F-16F7-4668-BE54-9A1E7A4F7556}") = "MethodBoundaryAspect.Fody.Benchmark", "MethodBoundaryAspect.Fody.Benchmark\MethodBoundaryAspect.Fody.Benchmark.csproj", "{7C147C05-6200-4873-ACBE-771E287C4900}"
EndProject
Project("{FAE04EC0-301F-11D3-BF4B-00C04F79EFBC}") = "MethodBoundaryAspect.Fody.RuntimeTests.NetCore", "MethodBoundaryAspect.Fody.RuntimeTests.NetCore\MethodBoundaryAspect.Fody.RuntimeTests.NetCore.csproj", "{B5E3B551-F31D-4BE5-A78E-E50ACE4EE7B9}"
EndProject
Global
	GlobalSection(SolutionConfigurationPlatforms) = preSolution
		Debug|Any CPU = Debug|Any CPU
		Release|Any CPU = Release|Any CPU
	EndGlobalSection
	GlobalSection(ProjectConfigurationPlatforms) = postSolution
		{30BA4684-A95A-4EC3-8EA7-CDE5B1F7E988}.Debug|Any CPU.ActiveCfg = Debug|Any CPU
		{30BA4684-A95A-4EC3-8EA7-CDE5B1F7E988}.Debug|Any CPU.Build.0 = Debug|Any CPU
		{30BA4684-A95A-4EC3-8EA7-CDE5B1F7E988}.Release|Any CPU.ActiveCfg = Release|Any CPU
		{30BA4684-A95A-4EC3-8EA7-CDE5B1F7E988}.Release|Any CPU.Build.0 = Release|Any CPU
		{647FC29E-DDD1-4122-81A1-7FCD7E915F0F}.Debug|Any CPU.ActiveCfg = Debug|Any CPU
		{647FC29E-DDD1-4122-81A1-7FCD7E915F0F}.Debug|Any CPU.Build.0 = Debug|Any CPU
		{647FC29E-DDD1-4122-81A1-7FCD7E915F0F}.Release|Any CPU.ActiveCfg = Release|Any CPU
		{647FC29E-DDD1-4122-81A1-7FCD7E915F0F}.Release|Any CPU.Build.0 = Release|Any CPU
		{CBC73200-4396-409C-B950-274CB692AEF3}.Debug|Any CPU.ActiveCfg = Debug|Any CPU
		{CBC73200-4396-409C-B950-274CB692AEF3}.Debug|Any CPU.Build.0 = Debug|Any CPU
		{CBC73200-4396-409C-B950-274CB692AEF3}.Release|Any CPU.ActiveCfg = Release|Any CPU
		{CBC73200-4396-409C-B950-274CB692AEF3}.Release|Any CPU.Build.0 = Release|Any CPU
		{0920DE73-E0E1-4BC7-9394-5EF78D680CE9}.Debug|Any CPU.ActiveCfg = Debug|Any CPU
		{0920DE73-E0E1-4BC7-9394-5EF78D680CE9}.Debug|Any CPU.Build.0 = Debug|Any CPU
		{0920DE73-E0E1-4BC7-9394-5EF78D680CE9}.Release|Any CPU.ActiveCfg = Release|Any CPU
		{0920DE73-E0E1-4BC7-9394-5EF78D680CE9}.Release|Any CPU.Build.0 = Release|Any CPU
		{744CD551-374B-4801-B565-0A008F1DD656}.Debug|Any CPU.ActiveCfg = Debug|Any CPU
		{744CD551-374B-4801-B565-0A008F1DD656}.Debug|Any CPU.Build.0 = Debug|Any CPU
		{744CD551-374B-4801-B565-0A008F1DD656}.Release|Any CPU.ActiveCfg = Release|Any CPU
		{744CD551-374B-4801-B565-0A008F1DD656}.Release|Any CPU.Build.0 = Release|Any CPU
		{1F6B3319-7B51-418F-8E0E-77B36E26117A}.Debug|Any CPU.ActiveCfg = Debug|Any CPU
		{1F6B3319-7B51-418F-8E0E-77B36E26117A}.Debug|Any CPU.Build.0 = Debug|Any CPU
		{1F6B3319-7B51-418F-8E0E-77B36E26117A}.Release|Any CPU.ActiveCfg = Release|Any CPU
		{1F6B3319-7B51-418F-8E0E-77B36E26117A}.Release|Any CPU.Build.0 = Release|Any CPU
		{90FD3D63-52FD-4E91-99AB-CF160876EBEB}.Debug|Any CPU.ActiveCfg = Debug|Any CPU
		{90FD3D63-52FD-4E91-99AB-CF160876EBEB}.Debug|Any CPU.Build.0 = Debug|Any CPU
		{90FD3D63-52FD-4E91-99AB-CF160876EBEB}.Release|Any CPU.ActiveCfg = Release|Any CPU
		{90FD3D63-52FD-4E91-99AB-CF160876EBEB}.Release|Any CPU.Build.0 = Release|Any CPU
		{145B9419-BE49-48A2-B9F9-EF32C07EDE30}.Debug|Any CPU.ActiveCfg = Debug|Any CPU
		{145B9419-BE49-48A2-B9F9-EF32C07EDE30}.Debug|Any CPU.Build.0 = Debug|Any CPU
		{145B9419-BE49-48A2-B9F9-EF32C07EDE30}.Release|Any CPU.ActiveCfg = Release|Any CPU
		{145B9419-BE49-48A2-B9F9-EF32C07EDE30}.Release|Any CPU.Build.0 = Release|Any CPU
		{1DD27780-A534-4DA0-9524-F09654A8DE59}.Debug|Any CPU.ActiveCfg = Debug|Any CPU
		{1DD27780-A534-4DA0-9524-F09654A8DE59}.Debug|Any CPU.Build.0 = Debug|Any CPU
		{1DD27780-A534-4DA0-9524-F09654A8DE59}.Release|Any CPU.ActiveCfg = Release|Any CPU
		{1DD27780-A534-4DA0-9524-F09654A8DE59}.Release|Any CPU.Build.0 = Release|Any CPU
		{0421F8A5-8698-4D92-9223-872FBA18572B}.Debug|Any CPU.ActiveCfg = Debug|Any CPU
		{0421F8A5-8698-4D92-9223-872FBA18572B}.Debug|Any CPU.Build.0 = Debug|Any CPU
		{0421F8A5-8698-4D92-9223-872FBA18572B}.Release|Any CPU.ActiveCfg = Release|Any CPU
		{0421F8A5-8698-4D92-9223-872FBA18572B}.Release|Any CPU.Build.0 = Release|Any CPU
		{98C6DD8D-41E8-468B-9176-873D9DDAC82E}.Debug|Any CPU.ActiveCfg = Debug|Any CPU
		{98C6DD8D-41E8-468B-9176-873D9DDAC82E}.Debug|Any CPU.Build.0 = Debug|Any CPU
		{98C6DD8D-41E8-468B-9176-873D9DDAC82E}.Release|Any CPU.ActiveCfg = Release|Any CPU
		{98C6DD8D-41E8-468B-9176-873D9DDAC82E}.Release|Any CPU.Build.0 = Release|Any CPU
		{4824FDD3-D225-4812-B75C-C0E455B25B7A}.Debug|Any CPU.ActiveCfg = Debug|Any CPU
		{4824FDD3-D225-4812-B75C-C0E455B25B7A}.Debug|Any CPU.Build.0 = Debug|Any CPU
		{4824FDD3-D225-4812-B75C-C0E455B25B7A}.Release|Any CPU.ActiveCfg = Release|Any CPU
		{4824FDD3-D225-4812-B75C-C0E455B25B7A}.Release|Any CPU.Build.0 = Release|Any CPU
		{7C147C05-6200-4873-ACBE-771E287C4900}.Debug|Any CPU.ActiveCfg = Debug|Any CPU
		{7C147C05-6200-4873-ACBE-771E287C4900}.Debug|Any CPU.Build.0 = Debug|Any CPU
		{7C147C05-6200-4873-ACBE-771E287C4900}.Release|Any CPU.ActiveCfg = Release|Any CPU
		{7C147C05-6200-4873-ACBE-771E287C4900}.Release|Any CPU.Build.0 = Release|Any CPU
		{B5E3B551-F31D-4BE5-A78E-E50ACE4EE7B9}.Debug|Any CPU.ActiveCfg = Debug|Any CPU
		{B5E3B551-F31D-4BE5-A78E-E50ACE4EE7B9}.Debug|Any CPU.Build.0 = Debug|Any CPU
		{B5E3B551-F31D-4BE5-A78E-E50ACE4EE7B9}.Release|Any CPU.ActiveCfg = Release|Any CPU
		{B5E3B551-F31D-4BE5-A78E-E50ACE4EE7B9}.Release|Any CPU.Build.0 = Release|Any CPU
	EndGlobalSection
	GlobalSection(SolutionProperties) = preSolution
		HideSolutionNode = FALSE
	EndGlobalSection
	GlobalSection(NestedProjects) = preSolution
		{CBC73200-4396-409C-B950-274CB692AEF3} = {0C4D4E38-5A54-4A51-A308-1D4FA1AD3A4E}
		{0920DE73-E0E1-4BC7-9394-5EF78D680CE9} = {0C4D4E38-5A54-4A51-A308-1D4FA1AD3A4E}
		{744CD551-374B-4801-B565-0A008F1DD656} = {0C4D4E38-5A54-4A51-A308-1D4FA1AD3A4E}
		{1F6B3319-7B51-418F-8E0E-77B36E26117A} = {0C4D4E38-5A54-4A51-A308-1D4FA1AD3A4E}
		{90FD3D63-52FD-4E91-99AB-CF160876EBEB} = {0C4D4E38-5A54-4A51-A308-1D4FA1AD3A4E}
		{145B9419-BE49-48A2-B9F9-EF32C07EDE30} = {0C4D4E38-5A54-4A51-A308-1D4FA1AD3A4E}
		{1DD27780-A534-4DA0-9524-F09654A8DE59} = {0C4D4E38-5A54-4A51-A308-1D4FA1AD3A4E}
		{0421F8A5-8698-4D92-9223-872FBA18572B} = {0C4D4E38-5A54-4A51-A308-1D4FA1AD3A4E}
		{98C6DD8D-41E8-468B-9176-873D9DDAC82E} = {0C4D4E38-5A54-4A51-A308-1D4FA1AD3A4E}
		{4824FDD3-D225-4812-B75C-C0E455B25B7A} = {0C4D4E38-5A54-4A51-A308-1D4FA1AD3A4E}
		{B5E3B551-F31D-4BE5-A78E-E50ACE4EE7B9} = {0C4D4E38-5A54-4A51-A308-1D4FA1AD3A4E}
	EndGlobalSection
	GlobalSection(ExtensibilityGlobals) = postSolution
		SolutionGuid = {EABEE29A-E6EB-4EF1-805C-34D6FF8F3E57}
	EndGlobalSection
EndGlobal
